
Microsoft Visual Studio Solution File, Format Version 12.00
# Visual Studio Version 16
VisualStudioVersion = 16.0.31205.134
MinimumVisualStudioVersion = 10.0.40219.1
Project("{FAE04EC0-301F-11D3-BF4B-00C04F79EFBC}") = "CarRentalApp", "CarRentalApp\CarRentalApp.csproj", "{8B8F2972-EC15-4F25-A6C7-08A14C6490EC}"
EndProject
Global
	GlobalSection(SolutionConfigurationPlatforms) = preSolution
		Debug|Any CPU = Debug|Any CPU
		Release|Any CPU = Release|Any CPU
	EndGlobalSection
	GlobalSection(ProjectConfigurationPlatforms) = postSolution
		{8B8F2972-EC15-4F25-A6C7-08A14C6490EC}.Debug|Any CPU.ActiveCfg = Debug|Any CPU
		{8B8F2972-EC15-4F25-A6C7-08A14C6490EC}.Debug|Any CPU.Build.0 = Debug|Any CPU
		{8B8F2972-EC15-4F25-A6C7-08A14C6490EC}.Release|Any CPU.ActiveCfg = Release|Any CPU
		{8B8F2972-EC15-4F25-A6C7-08A14C6490EC}.Release|Any CPU.Build.0 = Release|Any CPU
	EndGlobalSection
	GlobalSection(SolutionProperties) = preSolution
		HideSolutionNode = FALSE
	EndGlobalSection
	GlobalSection(ExtensibilityGlobals) = postSolution
		SolutionGuid = {7A58586D-2D99-4A78-A213-DB8BB263742E}
	EndGlobalSection
EndGlobal
